// !$*UTF8*$!
{
	archiveVersion = 1;
	classes = {
	};
	objectVersion = 48;
	objects = {

/* Begin PBXBuildFile section */
		6587D6BC7C9193EAC79A1286 /* libPods-BingPicture.a in Frameworks */ = {isa = PBXBuildFile; fileRef = 5F7EC441077C33780D4DDB85 /* libPods-BingPicture.a */; };
		A14BBBF31F150D420033F7BD /* AppDelegate.m in Sources */ = {isa = PBXBuildFile; fileRef = A14BBBF21F150D420033F7BD /* AppDelegate.m */; };
		A14BBBF51F150D420033F7BD /* Assets.xcassets in Resources */ = {isa = PBXBuildFile; fileRef = A14BBBF41F150D420033F7BD /* Assets.xcassets */; };
		A14BBBF81F150D420033F7BD /* MainMenu.xib in Resources */ = {isa = PBXBuildFile; fileRef = A14BBBF61F150D420033F7BD /* MainMenu.xib */; };
		A14BBBFB1F150D420033F7BD /* main.m in Sources */ = {isa = PBXBuildFile; fileRef = A14BBBFA1F150D420033F7BD /* main.m */; };
		A15486381F1517C40060451E /* KZImageViewController.m in Sources */ = {isa = PBXBuildFile; fileRef = A15486361F1517C40060451E /* KZImageViewController.m */; };
		A15486391F1517C40060451E /* KZImageViewController.xib in Resources */ = {isa = PBXBuildFile; fileRef = A15486371F1517C40060451E /* KZImageViewController.xib */; };
/* End PBXBuildFile section */

/* Begin PBXFileReference section */
		5F7EC441077C33780D4DDB85 /* libPods-BingPicture.a */ = {isa = PBXFileReference; explicitFileType = archive.ar; includeInIndex = 0; path = "libPods-BingPicture.a"; sourceTree = BUILT_PRODUCTS_DIR; };
		71B58C6FAF334236D18931A4 /* Pods-BingPicture.release.xcconfig */ = {isa = PBXFileReference; includeInIndex = 1; lastKnownFileType = text.xcconfig; name = "Pods-BingPicture.release.xcconfig"; path = "Pods/Target Support Files/Pods-BingPicture/Pods-BingPicture.release.xcconfig"; sourceTree = "<group>"; };
		A14BBBEE1F150D420033F7BD /* BingPicture.app */ = {isa = PBXFileReference; explicitFileType = wrapper.application; includeInIndex = 0; path = BingPicture.app; sourceTree = BUILT_PRODUCTS_DIR; };
		A14BBBF11F150D420033F7BD /* AppDelegate.h */ = {isa = PBXFileReference; lastKnownFileType = sourcecode.c.h; path = AppDelegate.h; sourceTree = "<group>"; };
		A14BBBF21F150D420033F7BD /* AppDelegate.m */ = {isa = PBXFileReference; lastKnownFileType = sourcecode.c.objc; path = AppDelegate.m; sourceTree = "<group>"; };
		A14BBBF41F150D420033F7BD /* Assets.xcassets */ = {isa = PBXFileReference; lastKnownFileType = folder.assetcatalog; path = Assets.xcassets; sourceTree = "<group>"; };
		A14BBBF71F150D420033F7BD /* Base */ = {isa = PBXFileReference; lastKnownFileType = file.xib; name = Base; path = Base.lproj/MainMenu.xib; sourceTree = "<group>"; };
		A14BBBF91F150D420033F7BD /* Info.plist */ = {isa = PBXFileReference; lastKnownFileType = text.plist.xml; path = Info.plist; sourceTree = "<group>"; };
		A14BBBFA1F150D420033F7BD /* main.m */ = {isa = PBXFileReference; lastKnownFileType = sourcecode.c.objc; path = main.m; sourceTree = "<group>"; };
		A14BBBFC1F150D420033F7BD /* BingPicture.entitlements */ = {isa = PBXFileReference; lastKnownFileType = text.plist.entitlements; path = BingPicture.entitlements; sourceTree = "<group>"; };
		A15486351F1517C40060451E /* KZImageViewController.h */ = {isa = PBXFileReference; lastKnownFileType = sourcecode.c.h; path = KZImageViewController.h; sourceTree = "<group>"; };
		A15486361F1517C40060451E /* KZImageViewController.m */ = {isa = PBXFileReference; lastKnownFileType = sourcecode.c.objc; path = KZImageViewController.m; sourceTree = "<group>"; };
		A15486371F1517C40060451E /* KZImageViewController.xib */ = {isa = PBXFileReference; lastKnownFileType = file.xib; path = KZImageViewController.xib; sourceTree = "<group>"; };
		F67E1562AD21E39EF7E74711 /* Pods-BingPicture.debug.xcconfig */ = {isa = PBXFileReference; includeInIndex = 1; lastKnownFileType = text.xcconfig; name = "Pods-BingPicture.debug.xcconfig"; path = "Pods/Target Support Files/Pods-BingPicture/Pods-BingPicture.debug.xcconfig"; sourceTree = "<group>"; };
/* End PBXFileReference section */

/* Begin PBXFrameworksBuildPhase section */
		A14BBBEB1F150D420033F7BD /* Frameworks */ = {
			isa = PBXFrameworksBuildPhase;
			buildActionMask = 2147483647;
			files = (
				6587D6BC7C9193EAC79A1286 /* libPods-BingPicture.a in Frameworks */,
			);
			runOnlyForDeploymentPostprocessing = 0;
		};
/* End PBXFrameworksBuildPhase section */

/* Begin PBXGroup section */
		235F088A55C3CB7650A47B10 /* Frameworks */ = {
			isa = PBXGroup;
			children = (
				5F7EC441077C33780D4DDB85 /* libPods-BingPicture.a */,
			);
			name = Frameworks;
			sourceTree = "<group>";
		};
		867184778F7D35B99759CE6A /* Pods */ = {
			isa = PBXGroup;
			children = (
				F67E1562AD21E39EF7E74711 /* Pods-BingPicture.debug.xcconfig */,
				71B58C6FAF334236D18931A4 /* Pods-BingPicture.release.xcconfig */,
			);
			name = Pods;
			sourceTree = "<group>";
		};
		A14BBBE51F150D420033F7BD = {
			isa = PBXGroup;
			children = (
				A14BBBF01F150D420033F7BD /* BingPicture */,
				A14BBBEF1F150D420033F7BD /* Products */,
				867184778F7D35B99759CE6A /* Pods */,
				235F088A55C3CB7650A47B10 /* Frameworks */,
			);
			sourceTree = "<group>";
		};
		A14BBBEF1F150D420033F7BD /* Products */ = {
			isa = PBXGroup;
			children = (
				A14BBBEE1F150D420033F7BD /* BingPicture.app */,
			);
			name = Products;
			sourceTree = "<group>";
		};
		A14BBBF01F150D420033F7BD /* BingPicture */ = {
			isa = PBXGroup;
			children = (
				A14BBBF11F150D420033F7BD /* AppDelegate.h */,
				A14BBBF21F150D420033F7BD /* AppDelegate.m */,
				A14BBBF41F150D420033F7BD /* Assets.xcassets */,
				A14BBBF61F150D420033F7BD /* MainMenu.xib */,
				A14BBBF91F150D420033F7BD /* Info.plist */,
				A14BBBFA1F150D420033F7BD /* main.m */,
				A14BBBFC1F150D420033F7BD /* BingPicture.entitlements */,
				A15486351F1517C40060451E /* KZImageViewController.h */,
				A15486361F1517C40060451E /* KZImageViewController.m */,
				A15486371F1517C40060451E /* KZImageViewController.xib */,
			);
			path = BingPicture;
			sourceTree = "<group>";
		};
/* End PBXGroup section */

/* Begin PBXNativeTarget section */
		A14BBBED1F150D420033F7BD /* BingPicture */ = {
			isa = PBXNativeTarget;
			buildConfigurationList = A14BBBFF1F150D420033F7BD /* Build configuration list for PBXNativeTarget "BingPicture" */;
			buildPhases = (
				54ACDD031B948EE1963F7974 /* [CP] Check Pods Manifest.lock */,
				A14BBBEA1F150D420033F7BD /* Sources */,
				A14BBBEB1F150D420033F7BD /* Frameworks */,
				A14BBBEC1F150D420033F7BD /* Resources */,
				1D6F0E96ABB098DD2A3F60A8 /* [CP] Embed Pods Frameworks */,
				C79FD649ABA6639136E4FC57 /* [CP] Copy Pods Resources */,
			);
			buildRules = (
			);
			dependencies = (
			);
			name = BingPicture;
			productName = BingPicture;
			productReference = A14BBBEE1F150D420033F7BD /* BingPicture.app */;
			productType = "com.apple.product-type.application";
		};
/* End PBXNativeTarget section */

/* Begin PBXProject section */
		A14BBBE61F150D420033F7BD /* Project object */ = {
			isa = PBXProject;
			attributes = {
				CLASSPREFIX = KZ;
				LastUpgradeCheck = 0900;
				ORGANIZATIONNAME = Zeo;
				TargetAttributes = {
					A14BBBED1F150D420033F7BD = {
						CreatedOnToolsVersion = 9.0;
					};
				};
			};
			buildConfigurationList = A14BBBE91F150D420033F7BD /* Build configuration list for PBXProject "BingPicture" */;
			compatibilityVersion = "Xcode 8.0";
			developmentRegion = en;
			hasScannedForEncodings = 0;
			knownRegions = (
				en,
				Base,
			);
			mainGroup = A14BBBE51F150D420033F7BD;
			productRefGroup = A14BBBEF1F150D420033F7BD /* Products */;
			projectDirPath = "";
			projectRoot = "";
			targets = (
				A14BBBED1F150D420033F7BD /* BingPicture */,
			);
		};
/* End PBXProject section */

/* Begin PBXResourcesBuildPhase section */
		A14BBBEC1F150D420033F7BD /* Resources */ = {
			isa = PBXResourcesBuildPhase;
			buildActionMask = 2147483647;
			files = (
				A14BBBF51F150D420033F7BD /* Assets.xcassets in Resources */,
				A14BBBF81F150D420033F7BD /* MainMenu.xib in Resources */,
				A15486391F1517C40060451E /* KZImageViewController.xib in Resources */,
			);
			runOnlyForDeploymentPostprocessing = 0;
		};
/* End PBXResourcesBuildPhase section */

/* Begin PBXShellScriptBuildPhase section */
		1D6F0E96ABB098DD2A3F60A8 /* [CP] Embed Pods Frameworks */ = {
			isa = PBXShellScriptBuildPhase;
			buildActionMask = 2147483647;
			files = (
			);
			inputPaths = (
			);
			name = "[CP] Embed Pods Frameworks";
			outputPaths = (
			);
			runOnlyForDeploymentPostprocessing = 0;
			shellPath = /bin/sh;
			shellScript = "\"${SRCROOT}/Pods/Target Support Files/Pods-BingPicture/Pods-BingPicture-frameworks.sh\"\n";
			showEnvVarsInLog = 0;
		};
		54ACDD031B948EE1963F7974 /* [CP] Check Pods Manifest.lock */ = {
			isa = PBXShellScriptBuildPhase;
			buildActionMask = 2147483647;
			files = (
			);
			inputPaths = (
			);
			name = "[CP] Check Pods Manifest.lock";
			outputPaths = (
			);
			runOnlyForDeploymentPostprocessing = 0;
			shellPath = /bin/sh;
			shellScript = "diff \"${PODS_PODFILE_DIR_PATH}/Podfile.lock\" \"${PODS_ROOT}/Manifest.lock\" > /dev/null\nif [ $? != 0 ] ; then\n    # print error to STDERR\n    echo \"error: The sandbox is not in sync with the Podfile.lock. Run 'pod install' or update your CocoaPods installation.\" >&2\n    exit 1\nfi\n";
			showEnvVarsInLog = 0;
		};
		C79FD649ABA6639136E4FC57 /* [CP] Copy Pods Resources */ = {
			isa = PBXShellScriptBuildPhase;
			buildActionMask = 2147483647;
			files = (
			);
			inputPaths = (
			);
			name = "[CP] Copy Pods Resources";
			outputPaths = (
			);
			runOnlyForDeploymentPostprocessing = 0;
			shellPath = /bin/sh;
			shellScript = "\"${SRCROOT}/Pods/Target Support Files/Pods-BingPicture/Pods-BingPicture-resources.sh\"\n";
			showEnvVarsInLog = 0;
		};
/* End PBXShellScriptBuildPhase section */

/* Begin PBXSourcesBuildPhase section */
		A14BBBEA1F150D420033F7BD /* Sources */ = {
			isa = PBXSourcesBuildPhase;
			buildActionMask = 2147483647;
			files = (
				A15486381F1517C40060451E /* KZImageViewController.m in Sources */,
				A14BBBFB1F150D420033F7BD /* main.m in Sources */,
				A14BBBF31F150D420033F7BD /* AppDelegate.m in Sources */,
			);
			runOnlyForDeploymentPostprocessing = 0;
		};
/* End PBXSourcesBuildPhase section */

/* Begin PBXVariantGroup section */
		A14BBBF61F150D420033F7BD /* MainMenu.xib */ = {
			isa = PBXVariantGroup;
			children = (
				A14BBBF71F150D420033F7BD /* Base */,
			);
			name = MainMenu.xib;
			sourceTree = "<group>";
		};
/* End PBXVariantGroup section */

/* Begin XCBuildConfiguration section */
		A14BBBFD1F150D420033F7BD /* Debug */ = {
			isa = XCBuildConfiguration;
			buildSettings = {
				ALWAYS_SEARCH_USER_PATHS = NO;
				CLANG_ANALYZER_NONNULL = YES;
				CLANG_ANALYZER_NUMBER_OBJECT_CONVERSION = YES_AGGRESSIVE;
				CLANG_CXX_LANGUAGE_STANDARD = "gnu++14";
				CLANG_CXX_LIBRARY = "libc++";
				CLANG_ENABLE_MODULES = YES;
				CLANG_ENABLE_OBJC_ARC = YES;
				CLANG_WARN_BLOCK_CAPTURE_AUTORELEASING = YES;
				CLANG_WARN_BOOL_CONVERSION = YES;
				CLANG_WARN_COMMA = YES;
				CLANG_WARN_CONSTANT_CONVERSION = YES;
				CLANG_WARN_DIRECT_OBJC_ISA_USAGE = YES_ERROR;
				CLANG_WARN_DOCUMENTATION_COMMENTS = YES;
				CLANG_WARN_EMPTY_BODY = YES;
				CLANG_WARN_ENUM_CONVERSION = YES;
				CLANG_WARN_INFINITE_RECURSION = YES;
				CLANG_WARN_INT_CONVERSION = YES;
				CLANG_WARN_NON_LITERAL_NULL_CONVERSION = YES;
				CLANG_WARN_OBJC_LITERAL_CONVERSION = YES;
				CLANG_WARN_OBJC_ROOT_CLASS = YES_ERROR;
				CLANG_WARN_RANGE_LOOP_ANALYSIS = YES;
				CLANG_WARN_STRICT_PROTOTYPES = YES;
				CLANG_WARN_SUSPICIOUS_MOVE = YES;
				CLANG_WARN_UNGUARDED_AVAILABILITY = YES_AGGRESSIVE;
				CLANG_WARN_UNREACHABLE_CODE = YES;
				CLANG_WARN__DUPLICATE_METHOD_MATCH = YES;
				CODE_SIGN_IDENTITY = "Mac Developer";
				COPY_PHASE_STRIP = NO;
				DEBUG_INFORMATION_FORMAT = dwarf;
				ENABLE_STRICT_OBJC_MSGSEND = YES;
				ENABLE_TESTABILITY = YES;
				GCC_C_LANGUAGE_STANDARD = gnu11;
				GCC_DYNAMIC_NO_PIC = NO;
				GCC_NO_COMMON_BLOCKS = YES;
				GCC_OPTIMIZATION_LEVEL = 0;
				GCC_PREPROCESSOR_DEFINITIONS = (
					"DEBUG=1",
					"$(inherited)",
				);
				GCC_WARN_64_TO_32_BIT_CONVERSION = YES;
				GCC_WARN_ABOUT_RETURN_TYPE = YES_ERROR;
				GCC_WARN_UNDECLARED_SELECTOR = YES;
				GCC_WARN_UNINITIALIZED_AUTOS = YES_AGGRESSIVE;
				GCC_WARN_UNUSED_FUNCTION = YES;
				GCC_WARN_UNUSED_VARIABLE = YES;
				MACOSX_DEPLOYMENT_TARGET = 10.12;
				MTL_ENABLE_DEBUG_INFO = YES;
				ONLY_ACTIVE_ARCH = YES;
				SDKROOT = macosx;
			};
			name = Debug;
		};
		A14BBBFE1F150D420033F7BD /* Release */ = {
			isa = XCBuildConfiguration;
			buildSettings = {
				ALWAYS_SEARCH_USER_PATHS = NO;
				CLANG_ANALYZER_NONNULL = YES;
				CLANG_ANALYZER_NUMBER_OBJECT_CONVERSION = YES_AGGRESSIVE;
				CLANG_CXX_LANGUAGE_STANDARD = "gnu++14";
				CLANG_CXX_LIBRARY = "libc++";
				CLANG_ENABLE_MODULES = YES;
				CLANG_ENABLE_OBJC_ARC = YES;
				CLANG_WARN_BLOCK_CAPTURE_AUTORELEASING = YES;
				CLANG_WARN_BOOL_CONVERSION = YES;
				CLANG_WARN_COMMA = YES;
				CLANG_WARN_CONSTANT_CONVERSION = YES;
				CLANG_WARN_DIRECT_OBJC_ISA_USAGE = YES_ERROR;
				CLANG_WARN_DOCUMENTATION_COMMENTS = YES;
				CLANG_WARN_EMPTY_BODY = YES;
				CLANG_WARN_ENUM_CONVERSION = YES;
				CLANG_WARN_INFINITE_RECURSION = YES;
				CLANG_WARN_INT_CONVERSION = YES;
				CLANG_WARN_NON_LITERAL_NULL_CONVERSION = YES;
				CLANG_WARN_OBJC_LITERAL_CONVERSION = YES;
				CLANG_WARN_OBJC_ROOT_CLASS = YES_ERROR;
				CLANG_WARN_RANGE_LOOP_ANALYSIS = YES;
				CLANG_WARN_STRICT_PROTOTYPES = YES;
				CLANG_WARN_SUSPICIOUS_MOVE = YES;
				CLANG_WARN_UNGUARDED_AVAILABILITY = YES_AGGRESSIVE;
				CLANG_WARN_UNREACHABLE_CODE = YES;
				CLANG_WARN__DUPLICATE_METHOD_MATCH = YES;
				CODE_SIGN_IDENTITY = "Mac Developer";
				COPY_PHASE_STRIP = NO;
				DEBUG_INFORMATION_FORMAT = "dwarf-with-dsym";
				ENABLE_NS_ASSERTIONS = NO;
				ENABLE_STRICT_OBJC_MSGSEND = YES;
				GCC_C_LANGUAGE_STANDARD = gnu11;
				GCC_NO_COMMON_BLOCKS = YES;
				GCC_WARN_64_TO_32_BIT_CONVERSION = YES;
				GCC_WARN_ABOUT_RETURN_TYPE = YES_ERROR;
				GCC_WARN_UNDECLARED_SELECTOR = YES;
				GCC_WARN_UNINITIALIZED_AUTOS = YES_AGGRESSIVE;
				GCC_WARN_UNUSED_FUNCTION = YES;
				GCC_WARN_UNUSED_VARIABLE = YES;
				MACOSX_DEPLOYMENT_TARGET = 10.12;
				MTL_ENABLE_DEBUG_INFO = NO;
				SDKROOT = macosx;
			};
			name = Release;
		};
		A14BBC001F150D420033F7BD /* Debug */ = {
			isa = XCBuildConfiguration;
			baseConfigurationReference = F67E1562AD21E39EF7E74711 /* Pods-BingPicture.debug.xcconfig */;
			buildSettings = {
				ASSETCATALOG_COMPILER_APPICON_NAME = AppIcon;
				CODE_SIGN_ENTITLEMENTS = BingPicture/BingPicture.entitlements;
				COMBINE_HIDPI_IMAGES = YES;
				DEVELOPMENT_TEAM = 8Z364AJ4ML;
				INFOPLIST_FILE = BingPicture/Info.plist;
				LD_RUNPATH_SEARCH_PATHS = "$(inherited) @executable_path/../Frameworks";
				PRODUCT_BUNDLE_IDENTIFIER = com.kz.BingPicture;
				PRODUCT_NAME = "$(TARGET_NAME)";
			};
			name = Debug;
		};
		A14BBC011F150D420033F7BD /* Release */ = {
			isa = XCBuildConfiguration;
			baseConfigurationReference = 71B58C6FAF334236D18931A4 /* Pods-BingPicture.release.xcconfig */;
			buildSettings = {
				ASSETCATALOG_COMPILER_APPICON_NAME = AppIcon;
				CODE_SIGN_ENTITLEMENTS = BingPicture/BingPicture.entitlements;
				COMBINE_HIDPI_IMAGES = YES;
				DEVELOPMENT_TEAM = 8Z364AJ4ML;
				INFOPLIST_FILE = BingPicture/Info.plist;
				LD_RUNPATH_SEARCH_PATHS = "$(inherited) @executable_path/../Frameworks";
				PRODUCT_BUNDLE_IDENTIFIER = com.kz.BingPicture;
				PRODUCT_NAME = "$(TARGET_NAME)";
			};
			name = Release;
		};
/* End XCBuildConfiguration section */

/* Begin XCConfigurationList section */
		A14BBBE91F150D420033F7BD /* Build configuration list for PBXProject "BingPicture" */ = {
			isa = XCConfigurationList;
			buildConfigurations = (
				A14BBBFD1F150D420033F7BD /* Debug */,
				A14BBBFE1F150D420033F7BD /* Release */,
			);
			defaultConfigurationIsVisible = 0;
			defaultConfigurationName = Release;
		};
		A14BBBFF1F150D420033F7BD /* Build configuration list for PBXNativeTarget "BingPicture" */ = {
			isa = XCConfigurationList;
			buildConfigurations = (
				A14BBC001F150D420033F7BD /* Debug */,
				A14BBC011F150D420033F7BD /* Release */,
			);
			defaultConfigurationIsVisible = 0;
			defaultConfigurationName = Release;
		};
/* End XCConfigurationList section */
	};
	rootObject = A14BBBE61F150D420033F7BD /* Project object */;
}
